
Microsoft Visual Studio Solution File, Format Version 12.00
Project("{2150E333-8FDC-42A3-9474-1A3956D46DE8}") = "Tests", "Tests", "{7DF11EFE-894D-4357-B7CE-A390651300BC}"
EndProject
Project("{2150E333-8FDC-42A3-9474-1A3956D46DE8}") = "Generator", "Generator", "{40A1D392-CFC1-403E-A593-5A0E012182AF}"
EndProject
Project("{FAE04EC0-301F-11D3-BF4B-00C04F79EFBC}") = "Compiler.Tests", "Compiler.Tests\Compiler.Tests.csproj", "{E35D4026-B610-4BDF-9DFE-497FDD49EACD}"
EndProject
Project("{FAE04EC0-301F-11D3-BF4B-00C04F79EFBC}") = "YangParser", "YangParser\YangParser.csproj", "{AD7EC36C-091F-4C68-BBB0-2E9CD5CAA7C1}"
EndProject
Project("{2150E333-8FDC-42A3-9474-1A3956D46DE8}") = "Benchmarking", "Benchmarking", "{53A82AB5-2141-453F-B2E5-2E93E2D3B671}"
EndProject
Project("{FAE04EC0-301F-11D3-BF4B-00C04F79EFBC}") = "benchmarks", "benchmarks\benchmarks.csproj", "{9F3CA1F2-9BBE-4D01-88B3-6218EB59DC3C}"
EndProject
Project("{2150E333-8FDC-42A3-9474-1A3956D46DE8}") = "TestData", "TestData", "{E9FC49A1-6D19-4B52-B1AE-9DF0AC6B0663}"
EndProject
Project("{FAE04EC0-301F-11D3-BF4B-00C04F79EFBC}") = "YangSource", "TestData\YangSource\YangSource.csproj", "{714DB9A0-7B83-4CBA-807B-9413C8FB4139}"
EndProject
Project("{FAE04EC0-301F-11D3-BF4B-00C04F79EFBC}") = "YangSourceTests", "YangSourceTests\YangSourceTests.csproj", "{D7772430-87F7-4707-8BC1-4F5C601C4AD3}"
EndProject
Global
	GlobalSection(SolutionConfigurationPlatforms) = preSolution
		Debug|Any CPU = Debug|Any CPU
		Release|Any CPU = Release|Any CPU
	EndGlobalSection
	GlobalSection(ProjectConfigurationPlatforms) = postSolution
		{E35D4026-B610-4BDF-9DFE-497FDD49EACD}.Debug|Any CPU.ActiveCfg = Debug|Any CPU
		{E35D4026-B610-4BDF-9DFE-497FDD49EACD}.Debug|Any CPU.Build.0 = Debug|Any CPU
		{E35D4026-B610-4BDF-9DFE-497FDD49EACD}.Release|Any CPU.ActiveCfg = Release|Any CPU
		{E35D4026-B610-4BDF-9DFE-497FDD49EACD}.Release|Any CPU.Build.0 = Release|Any CPU
		{AD7EC36C-091F-4C68-BBB0-2E9CD5CAA7C1}.Debug|Any CPU.ActiveCfg = Debug|Any CPU
		{AD7EC36C-091F-4C68-BBB0-2E9CD5CAA7C1}.Debug|Any CPU.Build.0 = Debug|Any CPU
		{AD7EC36C-091F-4C68-BBB0-2E9CD5CAA7C1}.Release|Any CPU.ActiveCfg = Release|Any CPU
		{AD7EC36C-091F-4C68-BBB0-2E9CD5CAA7C1}.Release|Any CPU.Build.0 = Release|Any CPU
		{9F3CA1F2-9BBE-4D01-88B3-6218EB59DC3C}.Debug|Any CPU.ActiveCfg = Debug|Any CPU
		{9F3CA1F2-9BBE-4D01-88B3-6218EB59DC3C}.Debug|Any CPU.Build.0 = Debug|Any CPU
		{9F3CA1F2-9BBE-4D01-88B3-6218EB59DC3C}.Release|Any CPU.ActiveCfg = Release|Any CPU
		{9F3CA1F2-9BBE-4D01-88B3-6218EB59DC3C}.Release|Any CPU.Build.0 = Release|Any CPU
		{714DB9A0-7B83-4CBA-807B-9413C8FB4139}.Debug|Any CPU.ActiveCfg = Debug|Any CPU
		{714DB9A0-7B83-4CBA-807B-9413C8FB4139}.Debug|Any CPU.Build.0 = Debug|Any CPU
		{714DB9A0-7B83-4CBA-807B-9413C8FB4139}.Release|Any CPU.ActiveCfg = Release|Any CPU
		{714DB9A0-7B83-4CBA-807B-9413C8FB4139}.Release|Any CPU.Build.0 = Release|Any CPU
		{D7772430-87F7-4707-8BC1-4F5C601C4AD3}.Debug|Any CPU.ActiveCfg = Debug|Any CPU
		{D7772430-87F7-4707-8BC1-4F5C601C4AD3}.Debug|Any CPU.Build.0 = Debug|Any CPU
		{D7772430-87F7-4707-8BC1-4F5C601C4AD3}.Release|Any CPU.ActiveCfg = Release|Any CPU
		{D7772430-87F7-4707-8BC1-4F5C601C4AD3}.Release|Any CPU.Build.0 = Release|Any CPU
	EndGlobalSection
	GlobalSection(NestedProjects) = preSolution
		{E35D4026-B610-4BDF-9DFE-497FDD49EACD} = {7DF11EFE-894D-4357-B7CE-A390651300BC}
		{AD7EC36C-091F-4C68-BBB0-2E9CD5CAA7C1} = {40A1D392-CFC1-403E-A593-5A0E012182AF}
		{9F3CA1F2-9BBE-4D01-88B3-6218EB59DC3C} = {53A82AB5-2141-453F-B2E5-2E93E2D3B671}
		{E9FC49A1-6D19-4B52-B1AE-9DF0AC6B0663} = {7DF11EFE-894D-4357-B7CE-A390651300BC}
		{714DB9A0-7B83-4CBA-807B-9413C8FB4139} = {E9FC49A1-6D19-4B52-B1AE-9DF0AC6B0663}
		{D7772430-87F7-4707-8BC1-4F5C601C4AD3} = {E9FC49A1-6D19-4B52-B1AE-9DF0AC6B0663}
	EndGlobalSection
EndGlobal
